// !$*UTF8*$!
{
	archiveVersion = 1;
	classes = {
	};
	objectVersion = 77;
	objects = {

/* Begin PBXBuildFile section */
		0AC56C53EA118D0EF105D2D6 /* SharedContainer.swift in Sources */ = {isa = PBXBuildFile; fileRef = A38D254B50C0D0FFCE928F8E /* SharedContainer.swift */; };
		0C34203FAA5F3E6DE062ADE1 /* Assets.xcassets in Resources */ = {isa = PBXBuildFile; fileRef = A2AC0CB84E9ACA7E58911800 /* Assets.xcassets */; };
		118C0F22367D774D5FD7774C /* DailyTrackerApp.swift in Sources */ = {isa = PBXBuildFile; fileRef = 17EB2BA57017D9FD563B1573 /* DailyTrackerApp.swift */; };
		15945A06C699FE17F9E22EC1 /* TasksView.swift in Sources */ = {isa = PBXBuildFile; fileRef = 33FEAB197897467271700014 /* TasksView.swift */; };
		2AFF3DF30C2C22D7CAE30685 /* DaySummaryView.swift in Sources */ = {isa = PBXBuildFile; fileRef = 75553787052705366B09D060 /* DaySummaryView.swift */; };
		347C706CCFA44A5C0209A460 /* SharedContainer.swift in Sources */ = {isa = PBXBuildFile; fileRef = A38D254B50C0D0FFCE928F8E /* SharedContainer.swift */; };
		3958BDD52076E7230A0D83D6 /* DayRecord.swift in Sources */ = {isa = PBXBuildFile; fileRef = 39E89827E259C1DAFA8A7019 /* DayRecord.swift */; };
		4420D6B38ADCE066C909C016 /* ConfettiView.swift in Sources */ = {isa = PBXBuildFile; fileRef = F67F57AB3C6132827907B170 /* ConfettiView.swift */; };
		49761CFEF8E8E3A09576E922 /* DateFormatter+Extensions.swift in Sources */ = {isa = PBXBuildFile; fileRef = EFE699B35287979F7B14ACEF /* DateFormatter+Extensions.swift */; };
		4A4D89A9BD7469E67BC16FBD /* TaskCountWidget.swift in Sources */ = {isa = PBXBuildFile; fileRef = B960BB55CD3FF92748561C93 /* TaskCountWidget.swift */; };
		4D7D8782D32C599E4E16A304 /* TaskItem.swift in Sources */ = {isa = PBXBuildFile; fileRef = 824C7FFBC75D93A81775150E /* TaskItem.swift */; };
		5C69DADB76C69A831A20AC96 /* TaskRowView.swift in Sources */ = {isa = PBXBuildFile; fileRef = 5F5BA64BEA022D0C567C233A /* TaskRowView.swift */; };
		63C2E48CB02B37AE39C954B0 /* DailyTrackerWidget.appex in Embed Foundation Extensions */ = {isa = PBXBuildFile; fileRef = 8E039126E712E16EEB32D1FB /* DailyTrackerWidget.appex */; settings = {ATTRIBUTES = (RemoveHeadersOnCopy, ); }; };
		67D948F842C8EBCCCBC1AE42 /* TaskItem.swift in Sources */ = {isa = PBXBuildFile; fileRef = 824C7FFBC75D93A81775150E /* TaskItem.swift */; };
		76DF17B0594C399B73B5E0F0 /* DailyTrackerWidgetBundle.swift in Sources */ = {isa = PBXBuildFile; fileRef = BBC5DF003510E45370A84FB2 /* DailyTrackerWidgetBundle.swift */; };
		77B69659F387C061046EA5B0 /* Assets.xcassets in Resources */ = {isa = PBXBuildFile; fileRef = 9FE62685A70CE5AFE5BC4A82 /* Assets.xcassets */; };
		901FA824BB655E3F1B6A6619 /* DayRecord.swift in Sources */ = {isa = PBXBuildFile; fileRef = 39E89827E259C1DAFA8A7019 /* DayRecord.swift */; };
		98E0AC4FD85C2D4C12DF35E2 /* AddTaskView.swift in Sources */ = {isa = PBXBuildFile; fileRef = D6F81409C5771A7C92E801AE /* AddTaskView.swift */; };
		B1F9561541640D126E0282FB /* ContentView.swift in Sources */ = {isa = PBXBuildFile; fileRef = 2D9163D5D71D4DE69D45A84D /* ContentView.swift */; };
		C37CFBC13D006CAAC86E4F16 /* CalendarView.swift in Sources */ = {isa = PBXBuildFile; fileRef = 8030EF6AEF9AF0E1158E04A6 /* CalendarView.swift */; };
		DF7A5850644D5545E0AD5EFD /* ToggleTaskIntent.swift in Sources */ = {isa = PBXBuildFile; fileRef = 7444D4624C209E584F35F0E6 /* ToggleTaskIntent.swift */; };
		EBEAF33E05EBF00DDAE57070 /* TaskListWidget.swift in Sources */ = {isa = PBXBuildFile; fileRef = 210E27EC55D603E71D9664B5 /* TaskListWidget.swift */; };
		ED377922826A34F72708E185 /* DateFormatter+Extensions.swift in Sources */ = {isa = PBXBuildFile; fileRef = EFE699B35287979F7B14ACEF /* DateFormatter+Extensions.swift */; };
		FE272E2C696E271348FD3C39 /* DayCell.swift in Sources */ = {isa = PBXBuildFile; fileRef = C18E62EF1DDD99BC2146C50F /* DayCell.swift */; };
/* End PBXBuildFile section */

/* Begin PBXContainerItemProxy section */
		A0C3D96E1064268C5B30481D /* PBXContainerItemProxy */ = {
			isa = PBXContainerItemProxy;
			containerPortal = 4659324EA45EB8A91DD7315F /* Project object */;
			proxyType = 1;
			remoteGlobalIDString = 7B0DBE9DE0524BAA49BB36AE;
			remoteInfo = DailyTrackerWidget;
		};
/* End PBXContainerItemProxy section */

/* Begin PBXCopyFilesBuildPhase section */
		119B6FE3F6AA603F66C1B51B /* Embed Foundation Extensions */ = {
			isa = PBXCopyFilesBuildPhase;
			buildActionMask = 2147483647;
			dstPath = "";
			dstSubfolderSpec = 13;
			files = (
				63C2E48CB02B37AE39C954B0 /* DailyTrackerWidget.appex in Embed Foundation Extensions */,
			);
			name = "Embed Foundation Extensions";
			runOnlyForDeploymentPostprocessing = 0;
		};
/* End PBXCopyFilesBuildPhase section */

/* Begin PBXFileReference section */
		03FBCD25DA7110C339C24282 /* Info.plist */ = {isa = PBXFileReference; lastKnownFileType = text.plist; path = Info.plist; sourceTree = "<group>"; };
		17EB2BA57017D9FD563B1573 /* DailyTrackerApp.swift */ = {isa = PBXFileReference; lastKnownFileType = sourcecode.swift; path = DailyTrackerApp.swift; sourceTree = "<group>"; };
		210E27EC55D603E71D9664B5 /* TaskListWidget.swift */ = {isa = PBXFileReference; lastKnownFileType = sourcecode.swift; path = TaskListWidget.swift; sourceTree = "<group>"; };
		2D9163D5D71D4DE69D45A84D /* ContentView.swift */ = {isa = PBXFileReference; lastKnownFileType = sourcecode.swift; path = ContentView.swift; sourceTree = "<group>"; };
		3322E456E0F79BE16FDA13AF /* Info.plist */ = {isa = PBXFileReference; lastKnownFileType = text.plist; path = Info.plist; sourceTree = "<group>"; };
		33FEAB197897467271700014 /* TasksView.swift */ = {isa = PBXFileReference; lastKnownFileType = sourcecode.swift; path = TasksView.swift; sourceTree = "<group>"; };
		39E89827E259C1DAFA8A7019 /* DayRecord.swift */ = {isa = PBXFileReference; lastKnownFileType = sourcecode.swift; path = DayRecord.swift; sourceTree = "<group>"; };
		4B0D7FB4679E5A1BC74CA90E /* DailyTracker.app */ = {isa = PBXFileReference; includeInIndex = 0; lastKnownFileType = wrapper.application; path = DailyTracker.app; sourceTree = BUILT_PRODUCTS_DIR; };
		5F5BA64BEA022D0C567C233A /* TaskRowView.swift */ = {isa = PBXFileReference; lastKnownFileType = sourcecode.swift; path = TaskRowView.swift; sourceTree = "<group>"; };
		7444D4624C209E584F35F0E6 /* ToggleTaskIntent.swift */ = {isa = PBXFileReference; lastKnownFileType = sourcecode.swift; path = ToggleTaskIntent.swift; sourceTree = "<group>"; };
		75553787052705366B09D060 /* DaySummaryView.swift */ = {isa = PBXFileReference; lastKnownFileType = sourcecode.swift; path = DaySummaryView.swift; sourceTree = "<group>"; };
		8030EF6AEF9AF0E1158E04A6 /* CalendarView.swift */ = {isa = PBXFileReference; lastKnownFileType = sourcecode.swift; path = CalendarView.swift; sourceTree = "<group>"; };
		8079391D684A18A690800E8A /* DailyTrackerWidget.entitlements */ = {isa = PBXFileReference; lastKnownFileType = text.plist.entitlements; path = DailyTrackerWidget.entitlements; sourceTree = "<group>"; };
		824C7FFBC75D93A81775150E /* TaskItem.swift */ = {isa = PBXFileReference; lastKnownFileType = sourcecode.swift; path = TaskItem.swift; sourceTree = "<group>"; };
		8E039126E712E16EEB32D1FB /* DailyTrackerWidget.appex */ = {isa = PBXFileReference; includeInIndex = 0; lastKnownFileType = "wrapper.app-extension"; path = DailyTrackerWidget.appex; sourceTree = BUILT_PRODUCTS_DIR; };
		9FE62685A70CE5AFE5BC4A82 /* Assets.xcassets */ = {isa = PBXFileReference; lastKnownFileType = folder.assetcatalog; path = Assets.xcassets; sourceTree = "<group>"; };
		A2AC0CB84E9ACA7E58911800 /* Assets.xcassets */ = {isa = PBXFileReference; lastKnownFileType = folder.assetcatalog; path = Assets.xcassets; sourceTree = "<group>"; };
		A38D254B50C0D0FFCE928F8E /* SharedContainer.swift */ = {isa = PBXFileReference; lastKnownFileType = sourcecode.swift; path = SharedContainer.swift; sourceTree = "<group>"; };
		B960BB55CD3FF92748561C93 /* TaskCountWidget.swift */ = {isa = PBXFileReference; lastKnownFileType = sourcecode.swift; path = TaskCountWidget.swift; sourceTree = "<group>"; };
		BBC5DF003510E45370A84FB2 /* DailyTrackerWidgetBundle.swift */ = {isa = PBXFileReference; lastKnownFileType = sourcecode.swift; path = DailyTrackerWidgetBundle.swift; sourceTree = "<group>"; };
		C18E62EF1DDD99BC2146C50F /* DayCell.swift */ = {isa = PBXFileReference; lastKnownFileType = sourcecode.swift; path = DayCell.swift; sourceTree = "<group>"; };
		D6F81409C5771A7C92E801AE /* AddTaskView.swift */ = {isa = PBXFileReference; lastKnownFileType = sourcecode.swift; path = AddTaskView.swift; sourceTree = "<group>"; };
		EFE699B35287979F7B14ACEF /* DateFormatter+Extensions.swift */ = {isa = PBXFileReference; lastKnownFileType = sourcecode.swift; path = "DateFormatter+Extensions.swift"; sourceTree = "<group>"; };
		F67F57AB3C6132827907B170 /* ConfettiView.swift */ = {isa = PBXFileReference; lastKnownFileType = sourcecode.swift; path = ConfettiView.swift; sourceTree = "<group>"; };
		FAD8DB2C0A3B58058FB50223 /* DailyTracker.entitlements */ = {isa = PBXFileReference; lastKnownFileType = text.plist.entitlements; path = DailyTracker.entitlements; sourceTree = "<group>"; };
/* End PBXFileReference section */

/* Begin PBXGroup section */
		004A912A43432EF5A184DE36 /* Extensions */ = {
			isa = PBXGroup;
			children = (
				EFE699B35287979F7B14ACEF /* DateFormatter+Extensions.swift */,
			);
			path = Extensions;
			sourceTree = "<group>";
		};
		0ACCBA373107F9D38FB70CF2 /* Calendar */ = {
			isa = PBXGroup;
			children = (
				8030EF6AEF9AF0E1158E04A6 /* CalendarView.swift */,
				C18E62EF1DDD99BC2146C50F /* DayCell.swift */,
				75553787052705366B09D060 /* DaySummaryView.swift */,
			);
			path = Calendar;
			sourceTree = "<group>";
		};
		228A8C0C05DBF3A732DCC268 /* DailyTracker */ = {
			isa = PBXGroup;
			children = (
				9FE62685A70CE5AFE5BC4A82 /* Assets.xcassets */,
				2D9163D5D71D4DE69D45A84D /* ContentView.swift */,
				FAD8DB2C0A3B58058FB50223 /* DailyTracker.entitlements */,
				17EB2BA57017D9FD563B1573 /* DailyTrackerApp.swift */,
				3322E456E0F79BE16FDA13AF /* Info.plist */,
				AE1F83DB664A9801AB4F2094 /* Views */,
			);
			path = DailyTracker;
			sourceTree = "<group>";
		};
		4B54427063A00F35CBE30E97 /* Shared */ = {
			isa = PBXGroup;
			children = (
				A38D254B50C0D0FFCE928F8E /* SharedContainer.swift */,
				004A912A43432EF5A184DE36 /* Extensions */,
				F35C2A22707C04E0597B82CF /* Models */,
			);
			path = Shared;
			sourceTree = "<group>";
		};
		680656F481C76F5761FD65A9 /* Tasks */ = {
			isa = PBXGroup;
			children = (
				D6F81409C5771A7C92E801AE /* AddTaskView.swift */,
				F67F57AB3C6132827907B170 /* ConfettiView.swift */,
				5F5BA64BEA022D0C567C233A /* TaskRowView.swift */,
				33FEAB197897467271700014 /* TasksView.swift */,
			);
			path = Tasks;
			sourceTree = "<group>";
		};
		891A7571DCEB1CE0B9AD33A2 /* DailyTrackerWidget */ = {
			isa = PBXGroup;
			children = (
				A2AC0CB84E9ACA7E58911800 /* Assets.xcassets */,
				8079391D684A18A690800E8A /* DailyTrackerWidget.entitlements */,
				BBC5DF003510E45370A84FB2 /* DailyTrackerWidgetBundle.swift */,
				03FBCD25DA7110C339C24282 /* Info.plist */,
				B960BB55CD3FF92748561C93 /* TaskCountWidget.swift */,
				210E27EC55D603E71D9664B5 /* TaskListWidget.swift */,
				7444D4624C209E584F35F0E6 /* ToggleTaskIntent.swift */,
			);
			path = DailyTrackerWidget;
			sourceTree = "<group>";
		};
		AE1F83DB664A9801AB4F2094 /* Views */ = {
			isa = PBXGroup;
			children = (
				0ACCBA373107F9D38FB70CF2 /* Calendar */,
				680656F481C76F5761FD65A9 /* Tasks */,
			);
			path = Views;
			sourceTree = "<group>";
		};
		BA48DCA08FEA54511BFC456B /* Products */ = {
			isa = PBXGroup;
			children = (
				4B0D7FB4679E5A1BC74CA90E /* DailyTracker.app */,
				8E039126E712E16EEB32D1FB /* DailyTrackerWidget.appex */,
			);
			name = Products;
			sourceTree = "<group>";
		};
		E9DF80D79DF660B57EF0F010 = {
			isa = PBXGroup;
			children = (
				228A8C0C05DBF3A732DCC268 /* DailyTracker */,
				891A7571DCEB1CE0B9AD33A2 /* DailyTrackerWidget */,
				4B54427063A00F35CBE30E97 /* Shared */,
				BA48DCA08FEA54511BFC456B /* Products */,
			);
			sourceTree = "<group>";
		};
		F35C2A22707C04E0597B82CF /* Models */ = {
			isa = PBXGroup;
			children = (
				39E89827E259C1DAFA8A7019 /* DayRecord.swift */,
				824C7FFBC75D93A81775150E /* TaskItem.swift */,
			);
			path = Models;
			sourceTree = "<group>";
		};
/* End PBXGroup section */

/* Begin PBXNativeTarget section */
		7B0DBE9DE0524BAA49BB36AE /* DailyTrackerWidget */ = {
			isa = PBXNativeTarget;
			buildConfigurationList = 7120B12E56E52F9CD86F6B5F /* Build configuration list for PBXNativeTarget "DailyTrackerWidget" */;
			buildPhases = (
				767936E04949F544279614DF /* Sources */,
				F90CA4D3AC0A413B992DD432 /* Resources */,
			);
			buildRules = (
			);
			dependencies = (
			);
			name = DailyTrackerWidget;
			packageProductDependencies = (
			);
			productName = DailyTrackerWidget;
			productReference = 8E039126E712E16EEB32D1FB /* DailyTrackerWidget.appex */;
			productType = "com.apple.product-type.app-extension";
		};
		A9F3A97865027AB61793447D /* DailyTracker */ = {
			isa = PBXNativeTarget;
			buildConfigurationList = 88A282B57F02C15AD79B6749 /* Build configuration list for PBXNativeTarget "DailyTracker" */;
			buildPhases = (
				D72D68066CBB61049072E721 /* Sources */,
				2B893B7C9423D015AA02ECBC /* Resources */,
				119B6FE3F6AA603F66C1B51B /* Embed Foundation Extensions */,
			);
			buildRules = (
			);
			dependencies = (
				5B0C6BFE32B9C87E400BCFA0 /* PBXTargetDependency */,
			);
			name = DailyTracker;
			packageProductDependencies = (
			);
			productName = DailyTracker;
			productReference = 4B0D7FB4679E5A1BC74CA90E /* DailyTracker.app */;
			productType = "com.apple.product-type.application";
		};
/* End PBXNativeTarget section */

/* Begin PBXProject section */
		4659324EA45EB8A91DD7315F /* Project object */ = {
			isa = PBXProject;
			attributes = {
				BuildIndependentTargetsInParallel = YES;
				LastUpgradeCheck = 1430;
				TargetAttributes = {
					7B0DBE9DE0524BAA49BB36AE = {
						DevelopmentTeam = S28599VGAR;
						ProvisioningStyle = Automatic;
						SystemCapabilities = {
							com.apple.ApplicationGroups.iOS = {
								enabled = 1;
							};
						};
					};
					A9F3A97865027AB61793447D = {
						DevelopmentTeam = S28599VGAR;
						ProvisioningStyle = Automatic;
						SystemCapabilities = {
							com.apple.ApplicationGroups.iOS = {
								enabled = 1;
							};
						};
					};
				};
			};
			buildConfigurationList = A9F43C4C2F90FFEC5155C277 /* Build configuration list for PBXProject "DailyTracker" */;
			developmentRegion = en;
			hasScannedForEncodings = 0;
			knownRegions = (
				Base,
				en,
			);
			mainGroup = E9DF80D79DF660B57EF0F010;
			minimizedProjectReferenceProxies = 1;
			preferredProjectObjectVersion = 77;
			productRefGroup = BA48DCA08FEA54511BFC456B /* Products */;
			projectDirPath = "";
			projectRoot = "";
			targets = (
				A9F3A97865027AB61793447D /* DailyTracker */,
				7B0DBE9DE0524BAA49BB36AE /* DailyTrackerWidget */,
			);
		};
/* End PBXProject section */

/* Begin PBXResourcesBuildPhase section */
		2B893B7C9423D015AA02ECBC /* Resources */ = {
			isa = PBXResourcesBuildPhase;
			buildActionMask = 2147483647;
			files = (
				77B69659F387C061046EA5B0 /* Assets.xcassets in Resources */,
			);
			runOnlyForDeploymentPostprocessing = 0;
		};
		F90CA4D3AC0A413B992DD432 /* Resources */ = {
			isa = PBXResourcesBuildPhase;
			buildActionMask = 2147483647;
			files = (
				0C34203FAA5F3E6DE062ADE1 /* Assets.xcassets in Resources */,
			);
			runOnlyForDeploymentPostprocessing = 0;
		};
/* End PBXResourcesBuildPhase section */

/* Begin PBXSourcesBuildPhase section */
		767936E04949F544279614DF /* Sources */ = {
			isa = PBXSourcesBuildPhase;
			buildActionMask = 2147483647;
			files = (
				76DF17B0594C399B73B5E0F0 /* DailyTrackerWidgetBundle.swift in Sources */,
				ED377922826A34F72708E185 /* DateFormatter+Extensions.swift in Sources */,
				3958BDD52076E7230A0D83D6 /* DayRecord.swift in Sources */,
				0AC56C53EA118D0EF105D2D6 /* SharedContainer.swift in Sources */,
				4A4D89A9BD7469E67BC16FBD /* TaskCountWidget.swift in Sources */,
				67D948F842C8EBCCCBC1AE42 /* TaskItem.swift in Sources */,
				EBEAF33E05EBF00DDAE57070 /* TaskListWidget.swift in Sources */,
				DF7A5850644D5545E0AD5EFD /* ToggleTaskIntent.swift in Sources */,
			);
			runOnlyForDeploymentPostprocessing = 0;
		};
		D72D68066CBB61049072E721 /* Sources */ = {
			isa = PBXSourcesBuildPhase;
			buildActionMask = 2147483647;
			files = (
				98E0AC4FD85C2D4C12DF35E2 /* AddTaskView.swift in Sources */,
				C37CFBC13D006CAAC86E4F16 /* CalendarView.swift in Sources */,
				4420D6B38ADCE066C909C016 /* ConfettiView.swift in Sources */,
				B1F9561541640D126E0282FB /* ContentView.swift in Sources */,
				118C0F22367D774D5FD7774C /* DailyTrackerApp.swift in Sources */,
				49761CFEF8E8E3A09576E922 /* DateFormatter+Extensions.swift in Sources */,
				FE272E2C696E271348FD3C39 /* DayCell.swift in Sources */,
				901FA824BB655E3F1B6A6619 /* DayRecord.swift in Sources */,
				2AFF3DF30C2C22D7CAE30685 /* DaySummaryView.swift in Sources */,
				347C706CCFA44A5C0209A460 /* SharedContainer.swift in Sources */,
				4D7D8782D32C599E4E16A304 /* TaskItem.swift in Sources */,
				5C69DADB76C69A831A20AC96 /* TaskRowView.swift in Sources */,
				15945A06C699FE17F9E22EC1 /* TasksView.swift in Sources */,
			);
			runOnlyForDeploymentPostprocessing = 0;
		};
/* End PBXSourcesBuildPhase section */

/* Begin PBXTargetDependency section */
		5B0C6BFE32B9C87E400BCFA0 /* PBXTargetDependency */ = {
			isa = PBXTargetDependency;
			target = 7B0DBE9DE0524BAA49BB36AE /* DailyTrackerWidget */;
			targetProxy = A0C3D96E1064268C5B30481D /* PBXContainerItemProxy */;
		};
/* End PBXTargetDependency section */

/* Begin XCBuildConfiguration section */
		0AF007B4299E5B0BA7F3D6D4 /* Debug */ = {
			isa = XCBuildConfiguration;
			buildSettings = {
				CODE_SIGN_ENTITLEMENTS = DailyTrackerWidget/DailyTrackerWidget.entitlements;
				CODE_SIGN_STYLE = Automatic;
				DEVELOPMENT_TEAM = S28599VGAR;
				INFOPLIST_FILE = DailyTrackerWidget/Info.plist;
				IPHONEOS_DEPLOYMENT_TARGET = 17.0;
				LD_RUNPATH_SEARCH_PATHS = (
					"$(inherited)",
					"@executable_path/Frameworks",
					"@executable_path/../../Frameworks",
				);
				PRODUCT_BUNDLE_IDENTIFIER = com.colinreed.DailyTracker.widget;
				SDKROOT = iphoneos;
				SKIP_INSTALL = YES;
				SWIFT_VERSION = 5.0;
				TARGETED_DEVICE_FAMILY = "1,2";
			};
			name = Debug;
		};
		9D0F2E4618B7EDB6819D0FA1 /* Release */ = {
			isa = XCBuildConfiguration;
			buildSettings = {
				ASSETCATALOG_COMPILER_APPICON_NAME = AppIcon;
				CODE_SIGN_ENTITLEMENTS = DailyTracker/DailyTracker.entitlements;
				CODE_SIGN_IDENTITY = "iPhone Developer";
				CODE_SIGN_STYLE = Automatic;
				DEVELOPMENT_TEAM = S28599VGAR;
				ENABLE_PREVIEWS = YES;
				INFOPLIST_FILE = DailyTracker/Info.plist;
				IPHONEOS_DEPLOYMENT_TARGET = 17.0;
				LD_RUNPATH_SEARCH_PATHS = (
					"$(inherited)",
					"@executable_path/Frameworks",
				);
				PRODUCT_BUNDLE_IDENTIFIER = com.colinreed.DailyTracker;
				SDKROOT = iphoneos;
				SWIFT_OPTIMIZATION_LEVEL = "-O";
				SWIFT_VERSION = 5.0;
				TARGETED_DEVICE_FAMILY = "1,2";
			};
			name = Release;
		};
		AEA126275C449FD93D454D38 /* Release */ = {
			isa = XCBuildConfiguration;
			buildSettings = {
				CODE_SIGN_ENTITLEMENTS = DailyTrackerWidget/DailyTrackerWidget.entitlements;
				CODE_SIGN_STYLE = Automatic;
				DEVELOPMENT_TEAM = S28599VGAR;
				INFOPLIST_FILE = DailyTrackerWidget/Info.plist;
				IPHONEOS_DEPLOYMENT_TARGET = 17.0;
				LD_RUNPATH_SEARCH_PATHS = (
					"$(inherited)",
					"@executable_path/Frameworks",
					"@executable_path/../../Frameworks",
				);
				PRODUCT_BUNDLE_IDENTIFIER = com.colinreed.DailyTracker.widget;
				SDKROOT = iphoneos;
				SKIP_INSTALL = YES;
				SWIFT_VERSION = 5.0;
				TARGETED_DEVICE_FAMILY = "1,2";
			};
			name = Release;
		};
		C0E10542ABA477CF0ACD941F /* Release */ = {
			isa = XCBuildConfiguration;
			buildSettings = {
				ALWAYS_SEARCH_USER_PATHS = NO;
				CLANG_ANALYZER_NONNULL = YES;
				CLANG_ANALYZER_NUMBER_OBJECT_CONVERSION = YES_AGGRESSIVE;
				CLANG_CXX_LANGUAGE_STANDARD = "gnu++14";
				CLANG_CXX_LIBRARY = "libc++";
				CLANG_ENABLE_MODULES = YES;
				CLANG_ENABLE_OBJC_ARC = YES;
				CLANG_ENABLE_OBJC_WEAK = YES;
				CLANG_WARN_BLOCK_CAPTURE_AUTORELEASING = YES;
				CLANG_WARN_BOOL_CONVERSION = YES;
				CLANG_WARN_COMMA = YES;
				CLANG_WARN_CONSTANT_CONVERSION = YES;
				CLANG_WARN_DEPRECATED_OBJC_IMPLEMENTATIONS = YES;
				CLANG_WARN_DIRECT_OBJC_ISA_USAGE = YES_ERROR;
				CLANG_WARN_DOCUMENTATION_COMMENTS = YES;
				CLANG_WARN_EMPTY_BODY = YES;
				CLANG_WARN_ENUM_CONVERSION = YES;
				CLANG_WARN_INFINITE_RECURSION = YES;
				CLANG_WARN_INT_CONVERSION = YES;
				CLANG_WARN_NON_LITERAL_NULL_CONVERSION = YES;
				CLANG_WARN_OBJC_IMPLICIT_RETAIN_SELF = YES;
				CLANG_WARN_OBJC_LITERAL_CONVERSION = YES;
				CLANG_WARN_OBJC_ROOT_CLASS = YES_ERROR;
				CLANG_WARN_QUOTED_INCLUDE_IN_FRAMEWORK_HEADER = YES;
				CLANG_WARN_RANGE_LOOP_ANALYSIS = YES;
				CLANG_WARN_STRICT_PROTOTYPES = YES;
				CLANG_WARN_SUSPICIOUS_MOVE = YES;
				CLANG_WARN_UNGUARDED_AVAILABILITY = YES_AGGRESSIVE;
				CLANG_WARN_UNREACHABLE_CODE = YES;
				CLANG_WARN__DUPLICATE_METHOD_MATCH = YES;
				COPY_PHASE_STRIP = NO;
				DEBUG_INFORMATION_FORMAT = "dwarf-with-dsym";
				ENABLE_NS_ASSERTIONS = NO;
				ENABLE_STRICT_OBJC_MSGSEND = YES;
				GCC_C_LANGUAGE_STANDARD = gnu11;
				GCC_NO_COMMON_BLOCKS = YES;
				GCC_WARN_64_TO_32_BIT_CONVERSION = YES;
				GCC_WARN_ABOUT_RETURN_TYPE = YES_ERROR;
				GCC_WARN_UNDECLARED_SELECTOR = YES;
				GCC_WARN_UNINITIALIZED_AUTOS = YES_AGGRESSIVE;
				GCC_WARN_UNUSED_FUNCTION = YES;
				GCC_WARN_UNUSED_VARIABLE = YES;
				IPHONEOS_DEPLOYMENT_TARGET = 17.0;
				MTL_ENABLE_DEBUG_INFO = NO;
				MTL_FAST_MATH = YES;
				PRODUCT_NAME = "$(TARGET_NAME)";
				SDKROOT = iphoneos;
				SWIFT_COMPILATION_MODE = wholemodule;
				SWIFT_OPTIMIZATION_LEVEL = "-O";
				SWIFT_VERSION = 5.0;
			};
			name = Release;
		};
		CE14A4B2EC76D11EAC7B89A7 /* Debug */ = {
			isa = XCBuildConfiguration;
			buildSettings = {
				ASSETCATALOG_COMPILER_APPICON_NAME = AppIcon;
				CODE_SIGN_ENTITLEMENTS = DailyTracker/DailyTracker.entitlements;
				CODE_SIGN_IDENTITY = "iPhone Developer";
				CODE_SIGN_STYLE = Automatic;
				DEBUG_INFORMATION_FORMAT = dwarf;
				DEVELOPMENT_TEAM = S28599VGAR;
				ENABLE_PREVIEWS = YES;
				INFOPLIST_FILE = DailyTracker/Info.plist;
				IPHONEOS_DEPLOYMENT_TARGET = 17.0;
				LD_RUNPATH_SEARCH_PATHS = (
					"$(inherited)",
					"@executable_path/Frameworks",
				);
				PRODUCT_BUNDLE_IDENTIFIER = com.colinreed.DailyTracker;
				SDKROOT = iphoneos;
				SWIFT_VERSION = 5.0;
				TARGETED_DEVICE_FAMILY = "1,2";
			};
			name = Debug;
		};
		E49AE67410BBDFE60973A60A /* Debug */ = {
			isa = XCBuildConfiguration;
			buildSettings = {
				ALWAYS_SEARCH_USER_PATHS = NO;
				CLANG_ANALYZER_NONNULL = YES;
				CLANG_ANALYZER_NUMBER_OBJECT_CONVERSION = YES_AGGRESSIVE;
				CLANG_CXX_LANGUAGE_STANDARD = "gnu++14";
				CLANG_CXX_LIBRARY = "libc++";
				CLANG_ENABLE_MODULES = YES;
				CLANG_ENABLE_OBJC_ARC = YES;
				CLANG_ENABLE_OBJC_WEAK = YES;
				CLANG_WARN_BLOCK_CAPTURE_AUTORELEASING = YES;
				CLANG_WARN_BOOL_CONVERSION = YES;
				CLANG_WARN_COMMA = YES;
				CLANG_WARN_CONSTANT_CONVERSION = YES;
				CLANG_WARN_DEPRECATED_OBJC_IMPLEMENTATIONS = YES;
				CLANG_WARN_DIRECT_OBJC_ISA_USAGE = YES_ERROR;
				CLANG_WARN_DOCUMENTATION_COMMENTS = YES;
				CLANG_WARN_EMPTY_BODY = YES;
				CLANG_WARN_ENUM_CONVERSION = YES;
				CLANG_WARN_INFINITE_RECURSION = YES;
				CLANG_WARN_INT_CONVERSION = YES;
				CLANG_WARN_NON_LITERAL_NULL_CONVERSION = YES;
				CLANG_WARN_OBJC_IMPLICIT_RETAIN_SELF = YES;
				CLANG_WARN_OBJC_LITERAL_CONVERSION = YES;
				CLANG_WARN_OBJC_ROOT_CLASS = YES_ERROR;
				CLANG_WARN_QUOTED_INCLUDE_IN_FRAMEWORK_HEADER = YES;
				CLANG_WARN_RANGE_LOOP_ANALYSIS = YES;
				CLANG_WARN_STRICT_PROTOTYPES = YES;
				CLANG_WARN_SUSPICIOUS_MOVE = YES;
				CLANG_WARN_UNGUARDED_AVAILABILITY = YES_AGGRESSIVE;
				CLANG_WARN_UNREACHABLE_CODE = YES;
				CLANG_WARN__DUPLICATE_METHOD_MATCH = YES;
				COPY_PHASE_STRIP = NO;
				DEBUG_INFORMATION_FORMAT = dwarf;
				ENABLE_STRICT_OBJC_MSGSEND = YES;
				ENABLE_TESTABILITY = YES;
				GCC_C_LANGUAGE_STANDARD = gnu11;
				GCC_DYNAMIC_NO_PIC = NO;
				GCC_NO_COMMON_BLOCKS = YES;
				GCC_OPTIMIZATION_LEVEL = 0;
				GCC_PREPROCESSOR_DEFINITIONS = (
					"$(inherited)",
					"DEBUG=1",
				);
				GCC_WARN_64_TO_32_BIT_CONVERSION = YES;
				GCC_WARN_ABOUT_RETURN_TYPE = YES_ERROR;
				GCC_WARN_UNDECLARED_SELECTOR = YES;
				GCC_WARN_UNINITIALIZED_AUTOS = YES_AGGRESSIVE;
				GCC_WARN_UNUSED_FUNCTION = YES;
				GCC_WARN_UNUSED_VARIABLE = YES;
				IPHONEOS_DEPLOYMENT_TARGET = 17.0;
				MTL_ENABLE_DEBUG_INFO = INCLUDE_SOURCE;
				MTL_FAST_MATH = YES;
				ONLY_ACTIVE_ARCH = YES;
				PRODUCT_NAME = "$(TARGET_NAME)";
				SDKROOT = iphoneos;
				SWIFT_ACTIVE_COMPILATION_CONDITIONS = DEBUG;
				SWIFT_OPTIMIZATION_LEVEL = "-Onone";
				SWIFT_VERSION = 5.0;
			};
			name = Debug;
		};
/* End XCBuildConfiguration section */

/* Begin XCConfigurationList section */
		7120B12E56E52F9CD86F6B5F /* Build configuration list for PBXNativeTarget "DailyTrackerWidget" */ = {
			isa = XCConfigurationList;
			buildConfigurations = (
				0AF007B4299E5B0BA7F3D6D4 /* Debug */,
				AEA126275C449FD93D454D38 /* Release */,
			);
			defaultConfigurationIsVisible = 0;
			defaultConfigurationName = Debug;
		};
		88A282B57F02C15AD79B6749 /* Build configuration list for PBXNativeTarget "DailyTracker" */ = {
			isa = XCConfigurationList;
			buildConfigurations = (
				CE14A4B2EC76D11EAC7B89A7 /* Debug */,
				9D0F2E4618B7EDB6819D0FA1 /* Release */,
			);
			defaultConfigurationIsVisible = 0;
			defaultConfigurationName = Debug;
		};
		A9F43C4C2F90FFEC5155C277 /* Build configuration list for PBXProject "DailyTracker" */ = {
			isa = XCConfigurationList;
			buildConfigurations = (
				E49AE67410BBDFE60973A60A /* Debug */,
				C0E10542ABA477CF0ACD941F /* Release */,
			);
			defaultConfigurationIsVisible = 0;
			defaultConfigurationName = Debug;
		};
/* End XCConfigurationList section */
	};
	rootObject = 4659324EA45EB8A91DD7315F /* Project object */;
}
